// !$*UTF8*$!
{
	archiveVersion = 1;
	classes = {
	};
	objectVersion = 110;
	objects = {

/* Begin PBXBuildFile section */
		D54235B33061232200DBEED6 /* GoogleMaps in Frameworks */ = {isa = PBXBuildFile; productRef = D54235B23061232200DBEED6 /* GoogleMaps */; };
		D54235B63061232200DBEED6 /* GooglePlaces in Frameworks */ = {isa = PBXBuildFile; productRef = D54235B53061232200DBEED6 /* GooglePlaces */; };
/* End PBXBuildFile section */

/* Begin PBXContainerItemProxy section */
		D54235693061232200DBEED6 /* PBXContainerItemProxy */ = {
			isa = PBXContainerItemProxy;
			containerPortal = D54235533061232200DBEED6 /* Project object */;
			proxyType = 1;
			remoteGlobalIDString = D542355A3061232200DBEED6;
			remoteInfo = VendorLocator;
		};
		D54235733061232200DBEED6 /* PBXContainerItemProxy */ = {
			isa = PBXContainerItemProxy;
			containerPortal = D54235533061232200DBEED6 /* Project object */;
			proxyType = 1;
			remoteGlobalIDString = D542355A3061232200DBEED6;
			remoteInfo = VendorLocator;
		};
/* End PBXContainerItemProxy section */

/* Begin PBXFileReference section */
		D542355B3061232200DBEED6 /* VendorLocator.app */ = {isa = PBXFileReference; explicitFileType = wrapper.application; includeInIndex = 0; path = VendorLocator.app; sourceTree = BUILT_PRODUCTS_DIR; };
		D54235683061232200DBEED6 /* VendorLocatorTests.xctest */ = {isa = PBXFileReference; explicitFileType = wrapper.cfbundle; includeInIndex = 0; path = VendorLocatorTests.xctest; sourceTree = BUILT_PRODUCTS_DIR; };
		D54235723061232200DBEED6 /* VendorLocatorUITests.xctest */ = {isa = PBXFileReference; explicitFileType = wrapper.cfbundle; includeInIndex = 0; path = VendorLocatorUITests.xctest; sourceTree = BUILT_PRODUCTS_DIR; };
/* End PBXFileReference section */

/* Begin PBXFileSystemSynchronizedBuildFileExceptionSet section */
		D54235CB3061232200DBEED6 /* Exceptions for "VendorLocator" folder in "VendorLocator" target */ = {
			isa = PBXFileSystemSynchronizedBuildFileExceptionSet;
			membershipExceptions = (
				Info.plist,
			);
			target = D542355A3061232200DBEED6 /* VendorLocator */;
		};
/* End PBXFileSystemSynchronizedBuildFileExceptionSet section */

/* Begin PBXFileSystemSynchronizedRootGroup section */
		D542356B3061232200DBEED6 /* VendorLocatorTests */ = {
			isa = PBXFileSystemSynchronizedRootGroup;
			path = VendorLocatorTests;
			sourceTree = "<group>";
		};
		D54235753061232200DBEED6 /* VendorLocatorUITests */ = {
			isa = PBXFileSystemSynchronizedRootGroup;
			path = VendorLocatorUITests;
			sourceTree = "<group>";
		};
		D54235973061232200DBEED6 /* VendorLocator */ = {
			isa = PBXFileSystemSynchronizedRootGroup;
			exceptions = (
				D54235CB3061232200DBEED6 /* Exceptions for "VendorLocator" folder in "VendorLocator" target */,
			);
			path = VendorLocator;
			sourceTree = "<group>";
		};
/* End PBXFileSystemSynchronizedRootGroup section */

/* Begin PBXFrameworksBuildPhase section */
		D54235583061232200DBEED6 /* Frameworks */ = {
			isa = PBXFrameworksBuildPhase;
			files = (
				D54235B33061232200DBEED6 /* GoogleMaps in Frameworks */,
				D54235B63061232200DBEED6 /* GooglePlaces in Frameworks */,
			);
		};
		D54235653061232200DBEED6 /* Frameworks */ = {
			isa = PBXFrameworksBuildPhase;
			files = (
			);
		};
		D542356F3061232200DBEED6 /* Frameworks */ = {
			isa = PBXFrameworksBuildPhase;
			files = (
			);
		};
/* End PBXFrameworksBuildPhase section */

/* Begin PBXGroup section */
		D54235523061232200DBEED6 = {
			isa = PBXGroup;
			children = (
				D54235973061232200DBEED6 /* VendorLocator */,
				D542356B3061232200DBEED6 /* VendorLocatorTests */,
				D54235753061232200DBEED6 /* VendorLocatorUITests */,
				D542355C3061232200DBEED6 /* Products */,
			);
			sourceTree = "<group>";
		};
		D542355C3061232200DBEED6 /* Products */ = {
			isa = PBXGroup;
			children = (
				D542355B3061232200DBEED6 /* VendorLocator.app */,
				D54235683061232200DBEED6 /* VendorLocatorTests.xctest */,
				D54235723061232200DBEED6 /* VendorLocatorUITests.xctest */,
			);
			name = Products;
			sourceTree = "<group>";
		};
/* End PBXGroup section */

/* Begin PBXNativeTarget section */
		D542355A3061232200DBEED6 /* VendorLocator */ = {
			isa = PBXNativeTarget;
			buildConfigurationList = D542357A3061232200DBEED6 /* Build configuration list for PBXNativeTarget "VendorLocator" */;
			buildPhases = (
				D54235573061232200DBEED6 /* Sources */,
				D54235583061232200DBEED6 /* Frameworks */,
				D54235593061232200DBEED6 /* Resources */,
			);
			buildRules = (
			);
			fileSystemSynchronizedGroups = (
				D54235973061232200DBEED6 /* VendorLocator */,
			);
			name = VendorLocator;
			packageProductDependencies = (
				D54235B23061232200DBEED6 /* GoogleMaps */,
				D54235B53061232200DBEED6 /* GooglePlaces */,
			);
			productName = VendorLocator;
			productReference = D542355B3061232200DBEED6 /* VendorLocator.app */;
			productType = "com.apple.product-type.application";
		};
		D54235673061232200DBEED6 /* VendorLocatorTests */ = {
			isa = PBXNativeTarget;
			buildConfigurationList = D542357D3061232200DBEED6 /* Build configuration list for PBXNativeTarget "VendorLocatorTests" */;
			buildPhases = (
				D54235643061232200DBEED6 /* Sources */,
				D54235653061232200DBEED6 /* Frameworks */,
				D54235663061232200DBEED6 /* Resources */,
			);
			buildRules = (
			);
			dependencies = (
				D542356A3061232200DBEED6 /* PBXTargetDependency */,
			);
			fileSystemSynchronizedGroups = (
				D542356B3061232200DBEED6 /* VendorLocatorTests */,
			);
			name = VendorLocatorTests;
			productName = VendorLocatorTests;
			productReference = D54235683061232200DBEED6 /* VendorLocatorTests.xctest */;
			productType = "com.apple.product-type.bundle.unit-test";
		};
		D54235713061232200DBEED6 /* VendorLocatorUITests */ = {
			isa = PBXNativeTarget;
			buildConfigurationList = D54235803061232200DBEED6 /* Build configuration list for PBXNativeTarget "VendorLocatorUITests" */;
			buildPhases = (
				D542356E3061232200DBEED6 /* Sources */,
				D542356F3061232200DBEED6 /* Frameworks */,
				D54235703061232200DBEED6 /* Resources */,
			);
			buildRules = (
			);
			dependencies = (
				D54235743061232200DBEED6 /* PBXTargetDependency */,
			);
			fileSystemSynchronizedGroups = (
				D54235753061232200DBEED6 /* VendorLocatorUITests */,
			);
			name = VendorLocatorUITests;
			productName = VendorLocatorUITests;
			productReference = D54235723061232200DBEED6 /* VendorLocatorUITests.xctest */;
			productType = "com.apple.product-type.bundle.ui-testing";
		};
/* End PBXNativeTarget section */

/* Begin PBXProject section */
		D54235533061232200DBEED6 /* Project object */ = {
			isa = PBXProject;
			attributes = {
				BuildIndependentTargetsInParallel = 1;
				LastSwiftUpdateCheck = 2700;
				LastUpgradeCheck = 2700;
				TargetAttributes = {
					D542355A3061232200DBEED6 = {
						CreatedOnToolsVersion = 27.0;
					};
					D54235673061232200DBEED6 = {
						CreatedOnToolsVersion = 27.0;
						TestTargetID = D542355A3061232200DBEED6;
					};
					D54235713061232200DBEED6 = {
						CreatedOnToolsVersion = 27.0;
						TestTargetID = D542355A3061232200DBEED6;
					};
				};
			};
			buildConfigurationList = D54235563061232200DBEED6 /* Build configuration list for PBXProject "VendorLocator" */;
			developmentRegion = en;
			hasScannedForEncodings = 0;
			knownRegions = (
				en,
				Base,
			);
			mainGroup = D54235523061232200DBEED6;
			minimizedProjectReferenceProxies = 1;
			packageReferences = (
				D54235B13061232200DBEED6 /* XCRemoteSwiftPackageReference "ios-maps-sdk" */,
				D54235B43061232200DBEED6 /* XCRemoteSwiftPackageReference "ios-places-sdk" */,
			);
			preferredProjectObjectVersion = 77;
			productRefGroup = D542355C3061232200DBEED6 /* Products */;
			projectDirPath = "";
			projectRoot = "";
			targets = (
				D542355A3061232200DBEED6 /* VendorLocator */,
				D54235673061232200DBEED6 /* VendorLocatorTests */,
				D54235713061232200DBEED6 /* VendorLocatorUITests */,
			);
		};
/* End PBXProject section */

/* Begin PBXResourcesBuildPhase section */
		D54235593061232200DBEED6 /* Resources */ = {
			isa = PBXResourcesBuildPhase;
			files = (
			);
		};
		D54235663061232200DBEED6 /* Resources */ = {
			isa = PBXResourcesBuildPhase;
			files = (
			);
		};
		D54235703061232200DBEED6 /* Resources */ = {
			isa = PBXResourcesBuildPhase;
			files = (
			);
		};
/* End PBXResourcesBuildPhase section */

/* Begin PBXSourcesBuildPhase section */
		D54235573061232200DBEED6 /* Sources */ = {
			isa = PBXSourcesBuildPhase;
			files = (
			);
		};
		D54235643061232200DBEED6 /* Sources */ = {
			isa = PBXSourcesBuildPhase;
			files = (
			);
		};
		D542356E3061232200DBEED6 /* Sources */ = {
			isa = PBXSourcesBuildPhase;
			files = (
			);
		};
/* End PBXSourcesBuildPhase section */

/* Begin PBXTargetDependency section */
		D542356A3061232200DBEED6 /* PBXTargetDependency */ = {
			isa = PBXTargetDependency;
			target = D542355A3061232200DBEED6 /* VendorLocator */;
			targetProxy = D54235693061232200DBEED6 /* PBXContainerItemProxy */;
		};
		D54235743061232200DBEED6 /* PBXTargetDependency */ = {
			isa = PBXTargetDependency;
			target = D542355A3061232200DBEED6 /* VendorLocator */;
			targetProxy = D54235733061232200DBEED6 /* PBXContainerItemProxy */;
		};
/* End PBXTargetDependency section */

/* Begin XCBuildConfiguration section */
		D54235783061232200DBEED6 /* Debug configuration for PBXProject "VendorLocator" */ = {
			isa = XCBuildConfiguration;
			buildSettings = {
				ALWAYS_SEARCH_USER_PATHS = NO;
				ASSETCATALOG_COMPILER_GENERATE_SWIFT_ASSET_SYMBOL_EXTENSIONS = YES;
				CLANG_ANALYZER_NONNULL = YES;
				CLANG_ANALYZER_NUMBER_OBJECT_CONVERSION = YES_AGGRESSIVE;
				CLANG_CXX_LANGUAGE_STANDARD = "gnu++20";
				CLANG_ENABLE_MODULES = YES;
				CLANG_ENABLE_OBJC_ARC = YES;
				CLANG_ENABLE_OBJC_WEAK = YES;
				CLANG_WARN_BLOCK_CAPTURE_AUTORELEASING = YES;
				CLANG_WARN_BOOL_CONVERSION = YES;
				CLANG_WARN_COMMA = YES;
				CLANG_WARN_CONSTANT_CONVERSION = YES;
				CLANG_WARN_DEPRECATED_OBJC_IMPLEMENTATIONS = YES;
				CLANG_WARN_DIRECT_OBJC_ISA_USAGE = YES_ERROR;
				CLANG_WARN_DOCUMENTATION_COMMENTS = YES;
				CLANG_WARN_EMPTY_BODY = YES;
				CLANG_WARN_ENUM_CONVERSION = YES;
				CLANG_WARN_INFINITE_RECURSION = YES;
				CLANG_WARN_INT_CONVERSION = YES;
				CLANG_WARN_NON_LITERAL_NULL_CONVERSION = YES;
				CLANG_WARN_OBJC_IMPLICIT_RETAIN_SELF = YES;
				CLANG_WARN_OBJC_LITERAL_CONVERSION = YES;
				CLANG_WARN_OBJC_ROOT_CLASS = YES_ERROR;
				CLANG_WARN_QUOTED_INCLUDE_IN_FRAMEWORK_HEADER = YES;
				CLANG_WARN_RANGE_LOOP_ANALYSIS = YES;
				CLANG_WARN_STRICT_PROTOTYPES = YES;
				CLANG_WARN_SUSPICIOUS_MOVE = YES;
				CLANG_WARN_UNGUARDED_AVAILABILITY = YES_AGGRESSIVE;
				CLANG_WARN_UNREACHABLE_CODE = YES;
				CLANG_WARN__DUPLICATE_METHOD_MATCH = YES;
				COPY_PHASE_STRIP = NO;
				DEBUG_INFORMATION_FORMAT = dwarf;
				DEVELOPMENT_TEAM = XZPS4G8QYJ;
				ENABLE_STRICT_OBJC_MSGSEND = YES;
				ENABLE_TESTABILITY = YES;
				ENABLE_USER_SCRIPT_SANDBOXING = YES;
				GCC_C_LANGUAGE_STANDARD = gnu17;
				GCC_DYNAMIC_NO_PIC = NO;
				GCC_NO_COMMON_BLOCKS = YES;
				GCC_OPTIMIZATION_LEVEL = 0;
				GCC_PREPROCESSOR_DEFINITIONS = (
					"DEBUG=1",
					"$(inherited)",
				);
				GCC_WARN_64_TO_32_BIT_CONVERSION = YES;
				GCC_WARN_ABOUT_RETURN_TYPE = YES_ERROR;
				GCC_WARN_UNDECLARED_SELECTOR = YES;
				GCC_WARN_UNINITIALIZED_AUTOS = YES_AGGRESSIVE;
				GCC_WARN_UNUSED_FUNCTION = YES;
				GCC_WARN_UNUSED_VARIABLE = YES;
				IPHONEOS_DEPLOYMENT_TARGET = 17.6;
				LOCALIZATION_PREFERS_STRING_CATALOGS = YES;
				MTL_ENABLE_DEBUG_INFO = INCLUDE_SOURCE;
				MTL_FAST_MATH = YES;
				ONLY_ACTIVE_ARCH = YES;
				SDKROOT = iphoneos;
				SWIFT_ACTIVE_COMPILATION_CONDITIONS = "DEBUG $(inherited)";
				SWIFT_OPTIMIZATION_LEVEL = "-Onone";
			};
			name = Debug;
		};
		D54235793061232200DBEED6 /* Release configuration for PBXProject "VendorLocator" */ = {
			isa = XCBuildConfiguration;
			buildSettings = {
				ALWAYS_SEARCH_USER_PATHS = NO;
				ASSETCATALOG_COMPILER_GENERATE_SWIFT_ASSET_SYMBOL_EXTENSIONS = YES;
				CLANG_ANALYZER_NONNULL = YES;
				CLANG_ANALYZER_NUMBER_OBJECT_CONVERSION = YES_AGGRESSIVE;
				CLANG_CXX_LANGUAGE_STANDARD = "gnu++20";
				CLANG_ENABLE_MODULES = YES;
				CLANG_ENABLE_OBJC_ARC = YES;
				CLANG_ENABLE_OBJC_WEAK = YES;
				CLANG_WARN_BLOCK_CAPTURE_AUTORELEASING = YES;
				CLANG_WARN_BOOL_CONVERSION = YES;
				CLANG_WARN_COMMA = YES;
				CLANG_WARN_CONSTANT_CONVERSION = YES;
				CLANG_WARN_DEPRECATED_OBJC_IMPLEMENTATIONS = YES;
				CLANG_WARN_DIRECT_OBJC_ISA_USAGE = YES_ERROR;
				CLANG_WARN_DOCUMENTATION_COMMENTS = YES;
				CLANG_WARN_EMPTY_BODY = YES;
				CLANG_WARN_ENUM_CONVERSION = YES;
				CLANG_WARN_INFINITE_RECURSION = YES;
				CLANG_WARN_INT_CONVERSION = YES;
				CLANG_WARN_NON_LITERAL_NULL_CONVERSION = YES;
				CLANG_WARN_OBJC_IMPLICIT_RETAIN_SELF = YES;
				CLANG_WARN_OBJC_LITERAL_CONVERSION = YES;
				CLANG_WARN_OBJC_ROOT_CLASS = YES_ERROR;
				CLANG_WARN_QUOTED_INCLUDE_IN_FRAMEWORK_HEADER = YES;
				CLANG_WARN_RANGE_LOOP_ANALYSIS = YES;
				CLANG_WARN_STRICT_PROTOTYPES = YES;
				CLANG_WARN_SUSPICIOUS_MOVE = YES;
				CLANG_WARN_UNGUARDED_AVAILABILITY = YES_AGGRESSIVE;
				CLANG_WARN_UNREACHABLE_CODE = YES;
				CLANG_WARN__DUPLICATE_METHOD_MATCH = YES;
				COPY_PHASE_STRIP = NO;
				DEBUG_INFORMATION_FORMAT = "dwarf-with-dsym";
				DEVELOPMENT_TEAM = XZPS4G8QYJ;
				ENABLE_NS_ASSERTIONS = NO;
				ENABLE_STRICT_OBJC_MSGSEND = YES;
				ENABLE_USER_SCRIPT_SANDBOXING = YES;
				GCC_C_LANGUAGE_STANDARD = gnu17;
				GCC_NO_COMMON_BLOCKS = YES;
				GCC_WARN_64_TO_32_BIT_CONVERSION = YES;
				GCC_WARN_ABOUT_RETURN_TYPE = YES_ERROR;
				GCC_WARN_UNDECLARED_SELECTOR = YES;
				GCC_WARN_UNINITIALIZED_AUTOS = YES_AGGRESSIVE;
				GCC_WARN_UNUSED_FUNCTION = YES;
				GCC_WARN_UNUSED_VARIABLE = YES;
				IPHONEOS_DEPLOYMENT_TARGET = 17.6;
				LOCALIZATION_PREFERS_STRING_CATALOGS = YES;
				MTL_ENABLE_DEBUG_INFO = NO;
				MTL_FAST_MATH = YES;
				SDKROOT = iphoneos;
				SWIFT_COMPILATION_MODE = wholemodule;
				VALIDATE_PRODUCT = YES;
			};
			name = Release;
		};
		D542357B3061232200DBEED6 /* Debug configuration for PBXNativeTarget "VendorLocator" */ = {
			isa = XCBuildConfiguration;
			buildSettings = {
				ASSETCATALOG_COMPILER_APPICON_NAME = AppIcon;
				ASSETCATALOG_COMPILER_GLOBAL_ACCENT_COLOR_NAME = AccentColor;
				CODE_SIGN_STYLE = Automatic;
				CURRENT_PROJECT_VERSION = 1;
				DEVELOPMENT_TEAM = XZPS4G8QYJ;
				ENABLE_PREVIEWS = YES;
				GENERATE_INFOPLIST_FILE = YES;
				INFOPLIST_FILE = VendorLocator/Info.plist;
				INFOPLIST_KEY_UIApplicationSceneManifest_Generation = YES;
				INFOPLIST_KEY_UIApplicationSupportsIndirectInputEvents = YES;
				INFOPLIST_KEY_UILaunchScreen_Generation = YES;
				INFOPLIST_KEY_UISupportedInterfaceOrientations_iPad = "UIInterfaceOrientationPortrait UIInterfaceOrientationPortraitUpsideDown UIInterfaceOrientationLandscapeLeft UIInterfaceOrientationLandscapeRight";
				INFOPLIST_KEY_UISupportedInterfaceOrientations_iPhone = "UIInterfaceOrientationPortrait UIInterfaceOrientationLandscapeLeft UIInterfaceOrientationLandscapeRight";
				IPHONEOS_DEPLOYMENT_TARGET = 17.6;
				LD_RUNPATH_SEARCH_PATHS = (
					"$(inherited)",
					"@executable_path/Frameworks",
				);
				MARKETING_VERSION = 1.0;
				PRODUCT_BUNDLE_IDENTIFIER = ndabe.personal.VendorLocator;
				PRODUCT_NAME = "$(TARGET_NAME)";
				STRING_CATALOG_GENERATE_SYMBOLS = YES;
				SWIFT_APPROACHABLE_CONCURRENCY = YES;
				SWIFT_DEFAULT_ACTOR_ISOLATION = MainActor;
				SWIFT_EMIT_LOC_STRINGS = YES;
				SWIFT_UPCOMING_FEATURE_MEMBER_IMPORT_VISIBILITY = YES;
				SWIFT_VERSION = 5.0;
				TARGETED_DEVICE_FAMILY = "1,2";
			};
			name = Debug;
		};
		D542357C3061232200DBEED6 /* Release configuration for PBXNativeTarget "VendorLocator" */ = {
			isa = XCBuildConfiguration;
			buildSettings = {
				ASSETCATALOG_COMPILER_APPICON_NAME = AppIcon;
				ASSETCATALOG_COMPILER_GLOBAL_ACCENT_COLOR_NAME = AccentColor;
				CODE_SIGN_STYLE = Automatic;
				CURRENT_PROJECT_VERSION = 1;
				DEVELOPMENT_TEAM = XZPS4G8QYJ;
				ENABLE_PREVIEWS = YES;
				GENERATE_INFOPLIST_FILE = YES;
				INFOPLIST_FILE = VendorLocator/Info.plist;
				INFOPLIST_KEY_UIApplicationSceneManifest_Generation = YES;
				INFOPLIST_KEY_UIApplicationSupportsIndirectInputEvents = YES;
				INFOPLIST_KEY_UILaunchScreen_Generation = YES;
				INFOPLIST_KEY_UISupportedInterfaceOrientations_iPad = "UIInterfaceOrientationPortrait UIInterfaceOrientationPortraitUpsideDown UIInterfaceOrientationLandscapeLeft UIInterfaceOrientationLandscapeRight";
				INFOPLIST_KEY_UISupportedInterfaceOrientations_iPhone = "UIInterfaceOrientationPortrait UIInterfaceOrientationLandscapeLeft UIInterfaceOrientationLandscapeRight";
				IPHONEOS_DEPLOYMENT_TARGET = 17.6;
				LD_RUNPATH_SEARCH_PATHS = (
					"$(inherited)",
					"@executable_path/Frameworks",
				);
				MARKETING_VERSION = 1.0;
				PRODUCT_BUNDLE_IDENTIFIER = ndabe.personal.VendorLocator;
				PRODUCT_NAME = "$(TARGET_NAME)";
				STRING_CATALOG_GENERATE_SYMBOLS = YES;
				SWIFT_APPROACHABLE_CONCURRENCY = YES;
				SWIFT_DEFAULT_ACTOR_ISOLATION = MainActor;
				SWIFT_EMIT_LOC_STRINGS = YES;
				SWIFT_UPCOMING_FEATURE_MEMBER_IMPORT_VISIBILITY = YES;
				SWIFT_VERSION = 5.0;
				TARGETED_DEVICE_FAMILY = "1,2";
			};
			name = Release;
		};
		D542357E3061232200DBEED6 /* Debug configuration for PBXNativeTarget "VendorLocatorTests" */ = {
			isa = XCBuildConfiguration;
			buildSettings = {
				BUNDLE_LOADER = "$(TEST_HOST)";
				CODE_SIGN_STYLE = Automatic;
				CURRENT_PROJECT_VERSION = 1;
				DEVELOPMENT_TEAM = XZPS4G8QYJ;
				GENERATE_INFOPLIST_FILE = YES;
				IPHONEOS_DEPLOYMENT_TARGET = 17.6;
				MARKETING_VERSION = 1.0;
				PRODUCT_BUNDLE_IDENTIFIER = ndabe.personal.VendorLocatorTests;
				PRODUCT_NAME = "$(TARGET_NAME)";
				STRING_CATALOG_GENERATE_SYMBOLS = NO;
				SWIFT_APPROACHABLE_CONCURRENCY = YES;
				SWIFT_EMIT_LOC_STRINGS = NO;
				SWIFT_UPCOMING_FEATURE_MEMBER_IMPORT_VISIBILITY = YES;
				SWIFT_VERSION = 5.0;
				TARGETED_DEVICE_FAMILY = "1,2";
				TEST_HOST = "$(BUILT_PRODUCTS_DIR)/VendorLocator.app/$(BUNDLE_EXECUTABLE_FOLDER_PATH)/VendorLocator";
			};
			name = Debug;
		};
		D542357F3061232200DBEED6 /* Release configuration for PBXNativeTarget "VendorLocatorTests" */ = {
			isa = XCBuildConfiguration;
			buildSettings = {
				BUNDLE_LOADER = "$(TEST_HOST)";
				CODE_SIGN_STYLE = Automatic;
				CURRENT_PROJECT_VERSION = 1;
				DEVELOPMENT_TEAM = XZPS4G8QYJ;
				GENERATE_INFOPLIST_FILE = YES;
				IPHONEOS_DEPLOYMENT_TARGET = 17.6;
				MARKETING_VERSION = 1.0;
				PRODUCT_BUNDLE_IDENTIFIER = ndabe.personal.VendorLocatorTests;
				PRODUCT_NAME = "$(TARGET_NAME)";
				STRING_CATALOG_GENERATE_SYMBOLS = NO;
				SWIFT_APPROACHABLE_CONCURRENCY = YES;
				SWIFT_EMIT_LOC_STRINGS = NO;
				SWIFT_UPCOMING_FEATURE_MEMBER_IMPORT_VISIBILITY = YES;
				SWIFT_VERSION = 5.0;
				TARGETED_DEVICE_FAMILY = "1,2";
				TEST_HOST = "$(BUILT_PRODUCTS_DIR)/VendorLocator.app/$(BUNDLE_EXECUTABLE_FOLDER_PATH)/VendorLocator";
			};
			name = Release;
		};
		D54235813061232200DBEED6 /* Debug configuration for PBXNativeTarget "VendorLocatorUITests" */ = {
			isa = XCBuildConfiguration;
			buildSettings = {
				CODE_SIGN_STYLE = Automatic;
				CURRENT_PROJECT_VERSION = 1;
				DEVELOPMENT_TEAM = XZPS4G8QYJ;
				GENERATE_INFOPLIST_FILE = YES;
				MARKETING_VERSION = 1.0;
				PRODUCT_BUNDLE_IDENTIFIER = ndabe.personal.VendorLocatorUITests;
				PRODUCT_NAME = "$(TARGET_NAME)";
				STRING_CATALOG_GENERATE_SYMBOLS = NO;
				SWIFT_APPROACHABLE_CONCURRENCY = YES;
				SWIFT_EMIT_LOC_STRINGS = NO;
				SWIFT_UPCOMING_FEATURE_MEMBER_IMPORT_VISIBILITY = YES;
				SWIFT_VERSION = 5.0;
				TARGETED_DEVICE_FAMILY = "1,2";
				TEST_TARGET_NAME = VendorLocator;
			};
			name = Debug;
		};
		D54235823061232200DBEED6 /* Release configuration for PBXNativeTarget "VendorLocatorUITests" */ = {
			isa = XCBuildConfiguration;
			buildSettings = {
				CODE_SIGN_STYLE = Automatic;
				CURRENT_PROJECT_VERSION = 1;
				DEVELOPMENT_TEAM = XZPS4G8QYJ;
				GENERATE_INFOPLIST_FILE = YES;
				MARKETING_VERSION = 1.0;
				PRODUCT_BUNDLE_IDENTIFIER = ndabe.personal.VendorLocatorUITests;
				PRODUCT_NAME = "$(TARGET_NAME)";
				STRING_CATALOG_GENERATE_SYMBOLS = NO;
				SWIFT_APPROACHABLE_CONCURRENCY = YES;
				SWIFT_EMIT_LOC_STRINGS = NO;
				SWIFT_UPCOMING_FEATURE_MEMBER_IMPORT_VISIBILITY = YES;
				SWIFT_VERSION = 5.0;
				TARGETED_DEVICE_FAMILY = "1,2";
				TEST_TARGET_NAME = VendorLocator;
			};
			name = Release;
		};
/* End XCBuildConfiguration section */

/* Begin XCConfigurationList section */
		D54235563061232200DBEED6 /* Build configuration list for PBXProject "VendorLocator" */ = {
			isa = XCConfigurationList;
			buildConfigurations = (
				D54235783061232200DBEED6 /* Debug configuration for PBXProject "VendorLocator" */,
				D54235793061232200DBEED6 /* Release configuration for PBXProject "VendorLocator" */,
			);
			defaultConfigurationName = Release;
		};
		D542357A3061232200DBEED6 /* Build configuration list for PBXNativeTarget "VendorLocator" */ = {
			isa = XCConfigurationList;
			buildConfigurations = (
				D542357B3061232200DBEED6 /* Debug configuration for PBXNativeTarget "VendorLocator" */,
				D542357C3061232200DBEED6 /* Release configuration for PBXNativeTarget "VendorLocator" */,
			);
			defaultConfigurationName = Release;
		};
		D542357D3061232200DBEED6 /* Build configuration list for PBXNativeTarget "VendorLocatorTests" */ = {
			isa = XCConfigurationList;
			buildConfigurations = (
				D542357E3061232200DBEED6 /* Debug configuration for PBXNativeTarget "VendorLocatorTests" */,
				D542357F3061232200DBEED6 /* Release configuration for PBXNativeTarget "VendorLocatorTests" */,
			);
			defaultConfigurationName = Release;
		};
		D54235803061232200DBEED6 /* Build configuration list for PBXNativeTarget "VendorLocatorUITests" */ = {
			isa = XCConfigurationList;
			buildConfigurations = (
				D54235813061232200DBEED6 /* Debug configuration for PBXNativeTarget "VendorLocatorUITests" */,
				D54235823061232200DBEED6 /* Release configuration for PBXNativeTarget "VendorLocatorUITests" */,
			);
			defaultConfigurationName = Release;
		};
/* End XCConfigurationList section */

/* Begin XCRemoteSwiftPackageReference section */
		D54235B13061232200DBEED6 /* XCRemoteSwiftPackageReference "ios-maps-sdk" */ = {
			isa = XCRemoteSwiftPackageReference;
			repositoryURL = "https://github.com/googlemaps/ios-maps-sdk";
			requirement = {
				kind = upToNextMajorVersion;
				minimumVersion = 11.1.0;
			};
		};
		D54235B43061232200DBEED6 /* XCRemoteSwiftPackageReference "ios-places-sdk" */ = {
			isa = XCRemoteSwiftPackageReference;
			repositoryURL = "https://github.com/googlemaps/ios-places-sdk";
			requirement = {
				kind = upToNextMajorVersion;
				minimumVersion = 11.1.0;
			};
		};
/* End XCRemoteSwiftPackageReference section */

/* Begin XCSwiftPackageProductDependency section */
		D54235B23061232200DBEED6 /* GoogleMaps */ = {
			isa = XCSwiftPackageProductDependency;
			package = D54235B13061232200DBEED6 /* XCRemoteSwiftPackageReference "ios-maps-sdk" */;
			productName = GoogleMaps;
		};
		D54235B53061232200DBEED6 /* GooglePlaces */ = {
			isa = XCSwiftPackageProductDependency;
			package = D54235B43061232200DBEED6 /* XCRemoteSwiftPackageReference "ios-places-sdk" */;
			productName = GooglePlaces;
		};
/* End XCSwiftPackageProductDependency section */
	};
	rootObject = D54235533061232200DBEED6 /* Project object */;
	validationLevel = 1;
}
